
Microsoft Visual Studio Solution File, Format Version 12.00
# Visual Studio Version 16
VisualStudioVersion = 16.0.29215.179
MinimumVisualStudioVersion = 10.0.40219.1
Project("{FAE04EC0-301F-11D3-BF4B-00C04F79EFBC}") = "Taller3.2", "Taller3.2\Taller3.2.csproj", "{898F1AC1-AF0E-4B32-9770-2BB9B67702B6}"
EndProject
Global
	GlobalSection(SolutionConfigurationPlatforms) = preSolution
		Debug|Any CPU = Debug|Any CPU
		Release|Any CPU = Release|Any CPU
	EndGlobalSection
	GlobalSection(ProjectConfigurationPlatforms) = postSolution
		{898F1AC1-AF0E-4B32-9770-2BB9B67702B6}.Debug|Any CPU.ActiveCfg = Debug|Any CPU
		{898F1AC1-AF0E-4B32-9770-2BB9B67702B6}.Debug|Any CPU.Build.0 = Debug|Any CPU
		{898F1AC1-AF0E-4B32-9770-2BB9B67702B6}.Release|Any CPU.ActiveCfg = Release|Any CPU
		{898F1AC1-AF0E-4B32-9770-2BB9B67702B6}.Release|Any CPU.Build.0 = Release|Any CPU
	EndGlobalSection
	GlobalSection(SolutionProperties) = preSolution
		HideSolutionNode = FALSE
	EndGlobalSection
	GlobalSection(ExtensibilityGlobals) = postSolution
		SolutionGuid = {43068977-FD1B-4714-A484-9589CA2EE3AB}
	EndGlobalSection
EndGlobal
